
Microsoft Visual Studio Solution File, Format Version 12.00
# Visual Studio 15
VisualStudioVersion = 15.0.28010.2016
MinimumVisualStudioVersion = 10.0.40219.1
Project("{F184B08F-C81C-45F6-A57F-5ABD9991F28F}") = "vbPizzaApp", "vbPizzaApp.vbproj", "{3E7E365D-84FB-4C5A-862C-7F90E23CF85C}"
EndProject
Global
	GlobalSection(SolutionConfigurationPlatforms) = preSolution
		Debug|Any CPU = Debug|Any CPU
		Release|Any CPU = Release|Any CPU
	EndGlobalSection
	GlobalSection(ProjectConfigurationPlatforms) = postSolution
		{3E7E365D-84FB-4C5A-862C-7F90E23CF85C}.Debug|Any CPU.ActiveCfg = Debug|Any CPU
		{3E7E365D-84FB-4C5A-862C-7F90E23CF85C}.Debug|Any CPU.Build.0 = Debug|Any CPU
		{3E7E365D-84FB-4C5A-862C-7F90E23CF85C}.Release|Any CPU.ActiveCfg = Release|Any CPU
		{3E7E365D-84FB-4C5A-862C-7F90E23CF85C}.Release|Any CPU.Build.0 = Release|Any CPU
	EndGlobalSection
	GlobalSection(SolutionProperties) = preSolution
		HideSolutionNode = FALSE
	EndGlobalSection
	GlobalSection(ExtensibilityGlobals) = postSolution
		SolutionGuid = {EF4867A0-FA23-478F-924C-F5D90103C1E8}
	EndGlobalSection
EndGlobal
